github.com/progwebtec/classes-module v0.0.0-20241004093733-401bcf3f835d h1:LNTr1CPi2pnpMIlq0bMXMs6RiZTwBiAN7nlJOZyuAKc=
github.com/progwebtec/classes-module v0.0.0-20241004093733-401bcf3f835d/go.mod h1:N8V114Cojj22kNrGKaKhtB8WeByHWQsA7wK4YoPAqlg=
github.com/progwebtec/classes-module v0.0.0-20241008101302-df7e24ee4e0a h1:ltkxHWaTzEiMq/bq3240796W6CHw2Utj+/amGCTFcL8=
github.com/progwebtec/classes-module v0.0.0-20241008101302-df7e24ee4e0a/go.mod h1:N8V114Cojj22kNrGKaKhtB8WeByHWQsA7wK4YoPAqlg=
